PODS:
  - audioplayers (0.0.1):
    - Flutter
  - Flutter (1.0.0)
  - path_provider (0.0.1):
    - Flutter

DEPENDENCIES:
  - audioplayers (from `/Users/tr/Documents/Projects/Flutter/AudioPlayers/ios`)
  - Flutter (from `/Users/tr/development/flutter/bin/cache/artifacts/engine/ios`)
  - path_provider (from `/Users/tr/development/flutter/.pub-cache/hosted/pub.dartlang.org/path_provider-0.4.1/ios`)

EXTERNAL SOURCES:
  audioplayers:
    :path: "/Users/tr/Documents/Projects/Flutter/AudioPlayers/ios"
  Flutter:
    :path: "/Users/tr/development/flutter/bin/cache/artifacts/engine/ios"
  path_provider:
    :path: "/Users/tr/development/flutter/.pub-cache/hosted/pub.dartlang.org/path_provider-0.4.1/ios"

SPEC CHECKSUMS:
  audioplayers: def111f6a23e00d9d103563b07de5e44a727bd3c
  Flutter: 9d0fac939486c9aba2809b7982dfdbb47a7b0296
  path_provider: 09407919825bfe3c2deae39453b7a5b44f467873

PODFILE CHECKSUM: 1003743f06ec24ad436e3271b83a8ca2bee2fed4

COCOAPODS: 1.5.3
