PODS:
  - audioplayers (0.0.1):
    - Flutter
  - Flutter (1.0.0)
  - path_provider (0.0.1):
    - Flutter

DEPENDENCIES:
  - audioplayers (from `/Users/erick/projects/audioplayers/ios`)
  - Flutter (from `/Users/erick/flutter/bin/cache/artifacts/engine/ios-release`)
  - path_provider (from `/Users/erick/flutter/.pub-cache/hosted/pub.dartlang.org/path_provider-1.1.0/ios`)

EXTERNAL SOURCES:
  audioplayers:
    :path: "/Users/erick/projects/audioplayers/ios"
  Flutter:
    :path: "/Users/erick/flutter/bin/cache/artifacts/engine/ios-release"
  path_provider:
    :path: "/Users/erick/flutter/.pub-cache/hosted/pub.dartlang.org/path_provider-1.1.0/ios"

SPEC CHECKSUMS:
  audioplayers: 84f968cea3f2deab00ec4f8ff53358b3c0b3992c
  Flutter: 58dd7d1b27887414a370fcccb9e645c08ffd7a6a
  path_provider: f96fff6166a8867510d2c25fdcc346327cc4b259

PODFILE CHECKSUM: 1003743f06ec24ad436e3271b83a8ca2bee2fed4

COCOAPODS: 1.7.0.beta.2